// !$*UTF8*$!
{
	archiveVersion = 1;
	classes = {
	};
	objectVersion = 63;
	objects = {

/* Begin PBXBuildFile section */
		83694DF42C7CA6F100C5C8FC /* BottleListView.swift in Sources */ = {isa = PBXBuildFile; fileRef = 83694DF32C7CA6F100C5C8FC /* BottleListView.swift */; };
		83694DF62C7CA70A00C5C8FC /* BottleChartsView.swift in Sources */ = {isa = PBXBuildFile; fileRef = 83694DF52C7CA70A00C5C8FC /* BottleChartsView.swift */; };
		83694DF82C7CB34800C5C8FC /* BottleController.swift in Sources */ = {isa = PBXBuildFile; fileRef = 83694DF72C7CB34700C5C8FC /* BottleController.swift */; };
		83694DFA2C7CBA0700C5C8FC /* ConversionUtil.swift in Sources */ = {isa = PBXBuildFile; fileRef = 83694DF92C7CBA0700C5C8FC /* ConversionUtil.swift */; };
		838A3AA12C6EB80E00F8495D /* Project_BabyApp.swift in Sources */ = {isa = PBXBuildFile; fileRef = 838A3AA02C6EB80E00F8495D /* Project_BabyApp.swift */; };
		838A3AA32C6EB80E00F8495D /* HomeView.swift in Sources */ = {isa = PBXBuildFile; fileRef = 838A3AA22C6EB80E00F8495D /* HomeView.swift */; };
		838A3AA52C6EB80F00F8495D /* Assets.xcassets in Resources */ = {isa = PBXBuildFile; fileRef = 838A3AA42C6EB80F00F8495D /* Assets.xcassets */; };
		838A3AA82C6EB80F00F8495D /* Preview Assets.xcassets in Resources */ = {isa = PBXBuildFile; fileRef = 838A3AA72C6EB80F00F8495D /* Preview Assets.xcassets */; };
		838A3AAD2C6EB80F00F8495D /* Project_Baby.xcdatamodeld in Sources */ = {isa = PBXBuildFile; fileRef = 838A3AAB2C6EB80F00F8495D /* Project_Baby.xcdatamodeld */; };
		838A3AB72C6EB80F00F8495D /* Project_BabyTests.swift in Sources */ = {isa = PBXBuildFile; fileRef = 838A3AB62C6EB80F00F8495D /* Project_BabyTests.swift */; };
		838A3AC12C6EB80F00F8495D /* Project_BabyUITests.swift in Sources */ = {isa = PBXBuildFile; fileRef = 838A3AC02C6EB80F00F8495D /* Project_BabyUITests.swift */; };
		838A3AC32C6EB80F00F8495D /* Project_BabyUITestsLaunchTests.swift in Sources */ = {isa = PBXBuildFile; fileRef = 838A3AC22C6EB80F00F8495D /* Project_BabyUITestsLaunchTests.swift */; };
		838A3AD52C6EB95500F8495D /* HomeCardView.swift in Sources */ = {isa = PBXBuildFile; fileRef = 838A3AD42C6EB95500F8495D /* HomeCardView.swift */; };
		838A3AD72C6EB97100F8495D /* HomeCard.swift in Sources */ = {isa = PBXBuildFile; fileRef = 838A3AD62C6EB97100F8495D /* HomeCard.swift */; };
		838A3AD92C6F581E00F8495D /* DeviceDimensions.swift in Sources */ = {isa = PBXBuildFile; fileRef = 838A3AD82C6F581E00F8495D /* DeviceDimensions.swift */; };
		838A3ADB2C6F828E00F8495D /* BottlesView.swift in Sources */ = {isa = PBXBuildFile; fileRef = 838A3ADA2C6F828E00F8495D /* BottlesView.swift */; };
		838A3ADD2C6FA3C500F8495D /* SleepView.swift in Sources */ = {isa = PBXBuildFile; fileRef = 838A3ADC2C6FA3C500F8495D /* SleepView.swift */; };
		838A3ADF2C6FA3CF00F8495D /* PooView.swift in Sources */ = {isa = PBXBuildFile; fileRef = 838A3ADE2C6FA3CF00F8495D /* PooView.swift */; };
		838A3AE12C6FA3EF00F8495D /* WindView.swift in Sources */ = {isa = PBXBuildFile; fileRef = 838A3AE02C6FA3EF00F8495D /* WindView.swift */; };
		838A3AE32C6FA40600F8495D /* FoodView.swift in Sources */ = {isa = PBXBuildFile; fileRef = 838A3AE22C6FA40600F8495D /* FoodView.swift */; };
		838A3AE52C6FA41000F8495D /* MedsView.swift in Sources */ = {isa = PBXBuildFile; fileRef = 838A3AE42C6FA41000F8495D /* MedsView.swift */; };
		838A3AE72C6FD98E00F8495D /* TopMiniCardView.swift in Sources */ = {isa = PBXBuildFile; fileRef = 838A3AE62C6FD98E00F8495D /* TopMiniCardView.swift */; };
		838A3AE92C7185EE00F8495D /* CoreDataController.swift in Sources */ = {isa = PBXBuildFile; fileRef = 838A3AE82C7185EE00F8495D /* CoreDataController.swift */; };
		838A3AEB2C718BC900F8495D /* BottomMiniCardView.swift in Sources */ = {isa = PBXBuildFile; fileRef = 838A3AEA2C718BC900F8495D /* BottomMiniCardView.swift */; };
		838A3AED2C718CBF00F8495D /* ChartsView.swift in Sources */ = {isa = PBXBuildFile; fileRef = 838A3AEC2C718CBF00F8495D /* ChartsView.swift */; };
		838A3AEF2C718DAC00F8495D /* CardSettingsView.swift in Sources */ = {isa = PBXBuildFile; fileRef = 838A3AEE2C718DAC00F8495D /* CardSettingsView.swift */; };
		83B2AD0A2C77E1F400663BC8 /* FeatureCardView.swift in Sources */ = {isa = PBXBuildFile; fileRef = 83B2AD092C77E1F400663BC8 /* FeatureCardView.swift */; };
/* End PBXBuildFile section */

/* Begin PBXContainerItemProxy section */
		838A3AB32C6EB80F00F8495D /* PBXContainerItemProxy */ = {
			isa = PBXContainerItemProxy;
			containerPortal = 838A3A952C6EB80E00F8495D /* Project object */;
			proxyType = 1;
			remoteGlobalIDString = 838A3A9C2C6EB80E00F8495D;
			remoteInfo = "Project Baby";
		};
		838A3ABD2C6EB80F00F8495D /* PBXContainerItemProxy */ = {
			isa = PBXContainerItemProxy;
			containerPortal = 838A3A952C6EB80E00F8495D /* Project object */;
			proxyType = 1;
			remoteGlobalIDString = 838A3A9C2C6EB80E00F8495D;
			remoteInfo = "Project Baby";
		};
/* End PBXContainerItemProxy section */

/* Begin PBXFileReference section */
		83694DF32C7CA6F100C5C8FC /* BottleListView.swift */ = {isa = PBXFileReference; lastKnownFileType = sourcecode.swift; path = BottleListView.swift; sourceTree = "<group>"; };
		83694DF52C7CA70A00C5C8FC /* BottleChartsView.swift */ = {isa = PBXFileReference; lastKnownFileType = sourcecode.swift; path = BottleChartsView.swift; sourceTree = "<group>"; };
		83694DF72C7CB34700C5C8FC /* BottleController.swift */ = {isa = PBXFileReference; lastKnownFileType = sourcecode.swift; path = BottleController.swift; sourceTree = "<group>"; };
		83694DF92C7CBA0700C5C8FC /* ConversionUtil.swift */ = {isa = PBXFileReference; lastKnownFileType = sourcecode.swift; path = ConversionUtil.swift; sourceTree = "<group>"; };
		838A3A9D2C6EB80E00F8495D /* Project Baby.app */ = {isa = PBXFileReference; explicitFileType = wrapper.application; includeInIndex = 0; path = "Project Baby.app"; sourceTree = BUILT_PRODUCTS_DIR; };
		838A3AA02C6EB80E00F8495D /* Project_BabyApp.swift */ = {isa = PBXFileReference; lastKnownFileType = sourcecode.swift; path = Project_BabyApp.swift; sourceTree = "<group>"; };
		838A3AA22C6EB80E00F8495D /* HomeView.swift */ = {isa = PBXFileReference; lastKnownFileType = sourcecode.swift; path = HomeView.swift; sourceTree = "<group>"; };
		838A3AA42C6EB80F00F8495D /* Assets.xcassets */ = {isa = PBXFileReference; lastKnownFileType = folder.assetcatalog; path = Assets.xcassets; sourceTree = "<group>"; };
		838A3AA72C6EB80F00F8495D /* Preview Assets.xcassets */ = {isa = PBXFileReference; lastKnownFileType = folder.assetcatalog; path = "Preview Assets.xcassets"; sourceTree = "<group>"; };
		838A3AAC2C6EB80F00F8495D /* Project_Baby.xcdatamodel */ = {isa = PBXFileReference; lastKnownFileType = wrapper.xcdatamodel; path = Project_Baby.xcdatamodel; sourceTree = "<group>"; };
		838A3AB22C6EB80F00F8495D /* Project BabyTests.xctest */ = {isa = PBXFileReference; explicitFileType = wrapper.cfbundle; includeInIndex = 0; path = "Project BabyTests.xctest"; sourceTree = BUILT_PRODUCTS_DIR; };
		838A3AB62C6EB80F00F8495D /* Project_BabyTests.swift */ = {isa = PBXFileReference; lastKnownFileType = sourcecode.swift; path = Project_BabyTests.swift; sourceTree = "<group>"; };
		838A3ABC2C6EB80F00F8495D /* Project BabyUITests.xctest */ = {isa = PBXFileReference; explicitFileType = wrapper.cfbundle; includeInIndex = 0; path = "Project BabyUITests.xctest"; sourceTree = BUILT_PRODUCTS_DIR; };
		838A3AC02C6EB80F00F8495D /* Project_BabyUITests.swift */ = {isa = PBXFileReference; lastKnownFileType = sourcecode.swift; path = Project_BabyUITests.swift; sourceTree = "<group>"; };
		838A3AC22C6EB80F00F8495D /* Project_BabyUITestsLaunchTests.swift */ = {isa = PBXFileReference; lastKnownFileType = sourcecode.swift; path = Project_BabyUITestsLaunchTests.swift; sourceTree = "<group>"; };
		838A3AD42C6EB95500F8495D /* HomeCardView.swift */ = {isa = PBXFileReference; lastKnownFileType = sourcecode.swift; path = HomeCardView.swift; sourceTree = "<group>"; };
		838A3AD62C6EB97100F8495D /* HomeCard.swift */ = {isa = PBXFileReference; lastKnownFileType = sourcecode.swift; path = HomeCard.swift; sourceTree = "<group>"; };
		838A3AD82C6F581E00F8495D /* DeviceDimensions.swift */ = {isa = PBXFileReference; lastKnownFileType = sourcecode.swift; path = DeviceDimensions.swift; sourceTree = "<group>"; };
		838A3ADA2C6F828E00F8495D /* BottlesView.swift */ = {isa = PBXFileReference; lastKnownFileType = sourcecode.swift; path = BottlesView.swift; sourceTree = "<group>"; };
		838A3ADC2C6FA3C500F8495D /* SleepView.swift */ = {isa = PBXFileReference; lastKnownFileType = sourcecode.swift; path = SleepView.swift; sourceTree = "<group>"; };
		838A3ADE2C6FA3CF00F8495D /* PooView.swift */ = {isa = PBXFileReference; lastKnownFileType = sourcecode.swift; path = PooView.swift; sourceTree = "<group>"; };
		838A3AE02C6FA3EF00F8495D /* WindView.swift */ = {isa = PBXFileReference; lastKnownFileType = sourcecode.swift; path = WindView.swift; sourceTree = "<group>"; };
		838A3AE22C6FA40600F8495D /* FoodView.swift */ = {isa = PBXFileReference; lastKnownFileType = sourcecode.swift; path = FoodView.swift; sourceTree = "<group>"; };
		838A3AE42C6FA41000F8495D /* MedsView.swift */ = {isa = PBXFileReference; lastKnownFileType = sourcecode.swift; path = MedsView.swift; sourceTree = "<group>"; };
		838A3AE62C6FD98E00F8495D /* TopMiniCardView.swift */ = {isa = PBXFileReference; lastKnownFileType = sourcecode.swift; path = TopMiniCardView.swift; sourceTree = "<group>"; };
		838A3AE82C7185EE00F8495D /* CoreDataController.swift */ = {isa = PBXFileReference; lastKnownFileType = sourcecode.swift; path = CoreDataController.swift; sourceTree = "<group>"; };
		838A3AEA2C718BC900F8495D /* BottomMiniCardView.swift */ = {isa = PBXFileReference; lastKnownFileType = sourcecode.swift; path = BottomMiniCardView.swift; sourceTree = "<group>"; };
		838A3AEC2C718CBF00F8495D /* ChartsView.swift */ = {isa = PBXFileReference; lastKnownFileType = sourcecode.swift; path = ChartsView.swift; sourceTree = "<group>"; };
		838A3AEE2C718DAC00F8495D /* CardSettingsView.swift */ = {isa = PBXFileReference; lastKnownFileType = sourcecode.swift; path = CardSettingsView.swift; sourceTree = "<group>"; };
		83B2AD092C77E1F400663BC8 /* FeatureCardView.swift */ = {isa = PBXFileReference; lastKnownFileType = sourcecode.swift; path = FeatureCardView.swift; sourceTree = "<group>"; };
/* End PBXFileReference section */

/* Begin PBXFrameworksBuildPhase section */
		838A3A9A2C6EB80E00F8495D /* Frameworks */ = {
			isa = PBXFrameworksBuildPhase;
			buildActionMask = 2147483647;
			files = (
			);
			runOnlyForDeploymentPostprocessing = 0;
		};
		838A3AAF2C6EB80F00F8495D /* Frameworks */ = {
			isa = PBXFrameworksBuildPhase;
			buildActionMask = 2147483647;
			files = (
			);
			runOnlyForDeploymentPostprocessing = 0;
		};
		838A3AB92C6EB80F00F8495D /* Frameworks */ = {
			isa = PBXFrameworksBuildPhase;
			buildActionMask = 2147483647;
			files = (
			);
			runOnlyForDeploymentPostprocessing = 0;
		};
/* End PBXFrameworksBuildPhase section */

/* Begin PBXGroup section */
		838A3A942C6EB80E00F8495D = {
			isa = PBXGroup;
			children = (
				838A3A9F2C6EB80E00F8495D /* Project Baby */,
				838A3AB52C6EB80F00F8495D /* Project BabyTests */,
				838A3ABF2C6EB80F00F8495D /* Project BabyUITests */,
				838A3A9E2C6EB80E00F8495D /* Products */,
			);
			sourceTree = "<group>";
		};
		838A3A9E2C6EB80E00F8495D /* Products */ = {
			isa = PBXGroup;
			children = (
				838A3A9D2C6EB80E00F8495D /* Project Baby.app */,
				838A3AB22C6EB80F00F8495D /* Project BabyTests.xctest */,
				838A3ABC2C6EB80F00F8495D /* Project BabyUITests.xctest */,
			);
			name = Products;
			sourceTree = "<group>";
		};
		838A3A9F2C6EB80E00F8495D /* Project Baby */ = {
			isa = PBXGroup;
			children = (
				838A3AD32C6EB88200F8495D /* Utils */,
				838A3AD22C6EB87D00F8495D /* Assets */,
				838A3AD12C6EB87100F8495D /* Views */,
				838A3AD02C6EB86300F8495D /* Contollers */,
				838A3ACF2C6EB85E00F8495D /* Models */,
				838A3AA02C6EB80E00F8495D /* Project_BabyApp.swift */,
				838A3AA42C6EB80F00F8495D /* Assets.xcassets */,
				838A3AA62C6EB80F00F8495D /* Preview Content */,
			);
			path = "Project Baby";
			sourceTree = "<group>";
		};
		838A3AA62C6EB80F00F8495D /* Preview Content */ = {
			isa = PBXGroup;
			children = (
				838A3AA72C6EB80F00F8495D /* Preview Assets.xcassets */,
			);
			path = "Preview Content";
			sourceTree = "<group>";
		};
		838A3AB52C6EB80F00F8495D /* Project BabyTests */ = {
			isa = PBXGroup;
			children = (
				838A3AB62C6EB80F00F8495D /* Project_BabyTests.swift */,
			);
			path = "Project BabyTests";
			sourceTree = "<group>";
		};
		838A3ABF2C6EB80F00F8495D /* Project BabyUITests */ = {
			isa = PBXGroup;
			children = (
				838A3AC02C6EB80F00F8495D /* Project_BabyUITests.swift */,
				838A3AC22C6EB80F00F8495D /* Project_BabyUITestsLaunchTests.swift */,
			);
			path = "Project BabyUITests";
			sourceTree = "<group>";
		};
		838A3ACF2C6EB85E00F8495D /* Models */ = {
			isa = PBXGroup;
			children = (
				838A3AAB2C6EB80F00F8495D /* Project_Baby.xcdatamodeld */,
				838A3AD62C6EB97100F8495D /* HomeCard.swift */,
			);
			path = Models;
			sourceTree = "<group>";
		};
		838A3AD02C6EB86300F8495D /* Contollers */ = {
			isa = PBXGroup;
			children = (
				838A3AE82C7185EE00F8495D /* CoreDataController.swift */,
				83694DF72C7CB34700C5C8FC /* BottleController.swift */,
			);
			path = Contollers;
			sourceTree = "<group>";
		};
		838A3AD12C6EB87100F8495D /* Views */ = {
			isa = PBXGroup;
			children = (
				838A3AA22C6EB80E00F8495D /* HomeView.swift */,
				838A3AEC2C718CBF00F8495D /* ChartsView.swift */,
				838A3AD42C6EB95500F8495D /* HomeCardView.swift */,
				838A3ADA2C6F828E00F8495D /* BottlesView.swift */,
				83694DF52C7CA70A00C5C8FC /* BottleChartsView.swift */,
				83694DF32C7CA6F100C5C8FC /* BottleListView.swift */,
				838A3ADC2C6FA3C500F8495D /* SleepView.swift */,
				838A3ADE2C6FA3CF00F8495D /* PooView.swift */,
				838A3AE02C6FA3EF00F8495D /* WindView.swift */,
				838A3AE22C6FA40600F8495D /* FoodView.swift */,
				838A3AE42C6FA41000F8495D /* MedsView.swift */,
				838A3AE62C6FD98E00F8495D /* TopMiniCardView.swift */,
				838A3AEA2C718BC900F8495D /* BottomMiniCardView.swift */,
				838A3AEE2C718DAC00F8495D /* CardSettingsView.swift */,
				83B2AD092C77E1F400663BC8 /* FeatureCardView.swift */,
			);
			path = Views;
			sourceTree = "<group>";
		};
		838A3AD22C6EB87D00F8495D /* Assets */ = {
			isa = PBXGroup;
			children = (
			);
			path = Assets;
			sourceTree = "<group>";
		};
		838A3AD32C6EB88200F8495D /* Utils */ = {
			isa = PBXGroup;
			children = (
				838A3AD82C6F581E00F8495D /* DeviceDimensions.swift */,
				83694DF92C7CBA0700C5C8FC /* ConversionUtil.swift */,
			);
			path = Utils;
			sourceTree = "<group>";
		};
/* End PBXGroup section */

/* Begin PBXNativeTarget section */
		838A3A9C2C6EB80E00F8495D /* Project Baby */ = {
			isa = PBXNativeTarget;
			buildConfigurationList = 838A3AC62C6EB80F00F8495D /* Build configuration list for PBXNativeTarget "Project Baby" */;
			buildPhases = (
				838A3A992C6EB80E00F8495D /* Sources */,
				838A3A9A2C6EB80E00F8495D /* Frameworks */,
				838A3A9B2C6EB80E00F8495D /* Resources */,
			);
			buildRules = (
			);
			dependencies = (
			);
			name = "Project Baby";
			productName = "Project Baby";
			productReference = 838A3A9D2C6EB80E00F8495D /* Project Baby.app */;
			productType = "com.apple.product-type.application";
		};
		838A3AB12C6EB80F00F8495D /* Project BabyTests */ = {
			isa = PBXNativeTarget;
			buildConfigurationList = 838A3AC92C6EB80F00F8495D /* Build configuration list for PBXNativeTarget "Project BabyTests" */;
			buildPhases = (
				838A3AAE2C6EB80F00F8495D /* Sources */,
				838A3AAF2C6EB80F00F8495D /* Frameworks */,
				838A3AB02C6EB80F00F8495D /* Resources */,
			);
			buildRules = (
			);
			dependencies = (
				838A3AB42C6EB80F00F8495D /* PBXTargetDependency */,
			);
			name = "Project BabyTests";
			productName = "Project BabyTests";
			productReference = 838A3AB22C6EB80F00F8495D /* Project BabyTests.xctest */;
			productType = "com.apple.product-type.bundle.unit-test";
		};
		838A3ABB2C6EB80F00F8495D /* Project BabyUITests */ = {
			isa = PBXNativeTarget;
			buildConfigurationList = 838A3ACC2C6EB80F00F8495D /* Build configuration list for PBXNativeTarget "Project BabyUITests" */;
			buildPhases = (
				838A3AB82C6EB80F00F8495D /* Sources */,
				838A3AB92C6EB80F00F8495D /* Frameworks */,
				838A3ABA2C6EB80F00F8495D /* Resources */,
			);
			buildRules = (
			);
			dependencies = (
				838A3ABE2C6EB80F00F8495D /* PBXTargetDependency */,
			);
			name = "Project BabyUITests";
			productName = "Project BabyUITests";
			productReference = 838A3ABC2C6EB80F00F8495D /* Project BabyUITests.xctest */;
			productType = "com.apple.product-type.bundle.ui-testing";
		};
/* End PBXNativeTarget section */

/* Begin PBXProject section */
		838A3A952C6EB80E00F8495D /* Project object */ = {
			isa = PBXProject;
			attributes = {
				BuildIndependentTargetsInParallel = 1;
				LastSwiftUpdateCheck = 1540;
				LastUpgradeCheck = 1540;
				TargetAttributes = {
					838A3A9C2C6EB80E00F8495D = {
						CreatedOnToolsVersion = 15.4;
					};
					838A3AB12C6EB80F00F8495D = {
						CreatedOnToolsVersion = 15.4;
						TestTargetID = 838A3A9C2C6EB80E00F8495D;
					};
					838A3ABB2C6EB80F00F8495D = {
						CreatedOnToolsVersion = 15.4;
						TestTargetID = 838A3A9C2C6EB80E00F8495D;
					};
				};
			};
			buildConfigurationList = 838A3A982C6EB80E00F8495D /* Build configuration list for PBXProject "Project Baby" */;
			compatibilityVersion = "Xcode 15.3";
			developmentRegion = en;
			hasScannedForEncodings = 0;
			knownRegions = (
				en,
				Base,
			);
			mainGroup = 838A3A942C6EB80E00F8495D;
			productRefGroup = 838A3A9E2C6EB80E00F8495D /* Products */;
			projectDirPath = "";
			projectRoot = "";
			targets = (
				838A3A9C2C6EB80E00F8495D /* Project Baby */,
				838A3AB12C6EB80F00F8495D /* Project BabyTests */,
				838A3ABB2C6EB80F00F8495D /* Project BabyUITests */,
			);
		};
/* End PBXProject section */

/* Begin PBXResourcesBuildPhase section */
		838A3A9B2C6EB80E00F8495D /* Resources */ = {
			isa = PBXResourcesBuildPhase;
			buildActionMask = 2147483647;
			files = (
				838A3AA82C6EB80F00F8495D /* Preview Assets.xcassets in Resources */,
				838A3AA52C6EB80F00F8495D /* Assets.xcassets in Resources */,
			);
			runOnlyForDeploymentPostprocessing = 0;
		};
		838A3AB02C6EB80F00F8495D /* Resources */ = {
			isa = PBXResourcesBuildPhase;
			buildActionMask = 2147483647;
			files = (
			);
			runOnlyForDeploymentPostprocessing = 0;
		};
		838A3ABA2C6EB80F00F8495D /* Resources */ = {
			isa = PBXResourcesBuildPhase;
			buildActionMask = 2147483647;
			files = (
			);
			runOnlyForDeploymentPostprocessing = 0;
		};
/* End PBXResourcesBuildPhase section */

/* Begin PBXSourcesBuildPhase section */
		838A3A992C6EB80E00F8495D /* Sources */ = {
			isa = PBXSourcesBuildPhase;
			buildActionMask = 2147483647;
			files = (
				838A3AEB2C718BC900F8495D /* BottomMiniCardView.swift in Sources */,
				838A3AE12C6FA3EF00F8495D /* WindView.swift in Sources */,
				838A3AD92C6F581E00F8495D /* DeviceDimensions.swift in Sources */,
				838A3ADF2C6FA3CF00F8495D /* PooView.swift in Sources */,
				838A3AE32C6FA40600F8495D /* FoodView.swift in Sources */,
				838A3AAD2C6EB80F00F8495D /* Project_Baby.xcdatamodeld in Sources */,
				838A3AE52C6FA41000F8495D /* MedsView.swift in Sources */,
				83694DF82C7CB34800C5C8FC /* BottleController.swift in Sources */,
				83694DF62C7CA70A00C5C8FC /* BottleChartsView.swift in Sources */,
				838A3AEF2C718DAC00F8495D /* CardSettingsView.swift in Sources */,
				838A3ADB2C6F828E00F8495D /* BottlesView.swift in Sources */,
				83694DFA2C7CBA0700C5C8FC /* ConversionUtil.swift in Sources */,
				838A3AA32C6EB80E00F8495D /* HomeView.swift in Sources */,
				838A3AE72C6FD98E00F8495D /* TopMiniCardView.swift in Sources */,
				838A3AA12C6EB80E00F8495D /* Project_BabyApp.swift in Sources */,
				838A3AED2C718CBF00F8495D /* ChartsView.swift in Sources */,
				838A3AE92C7185EE00F8495D /* CoreDataController.swift in Sources */,
				83694DF42C7CA6F100C5C8FC /* BottleListView.swift in Sources */,
				838A3AD52C6EB95500F8495D /* HomeCardView.swift in Sources */,
				83B2AD0A2C77E1F400663BC8 /* FeatureCardView.swift in Sources */,
				838A3ADD2C6FA3C500F8495D /* SleepView.swift in Sources */,
				838A3AD72C6EB97100F8495D /* HomeCard.swift in Sources */,
			);
			runOnlyForDeploymentPostprocessing = 0;
		};
		838A3AAE2C6EB80F00F8495D /* Sources */ = {
			isa = PBXSourcesBuildPhase;
			buildActionMask = 2147483647;
			files = (
				838A3AB72C6EB80F00F8495D /* Project_BabyTests.swift in Sources */,
			);
			runOnlyForDeploymentPostprocessing = 0;
		};
		838A3AB82C6EB80F00F8495D /* Sources */ = {
			isa = PBXSourcesBuildPhase;
			buildActionMask = 2147483647;
			files = (
				838A3AC32C6EB80F00F8495D /* Project_BabyUITestsLaunchTests.swift in Sources */,
				838A3AC12C6EB80F00F8495D /* Project_BabyUITests.swift in Sources */,
			);
			runOnlyForDeploymentPostprocessing = 0;
		};
/* End PBXSourcesBuildPhase section */

/* Begin PBXTargetDependency section */
		838A3AB42C6EB80F00F8495D /* PBXTargetDependency */ = {
			isa = PBXTargetDependency;
			target = 838A3A9C2C6EB80E00F8495D /* Project Baby */;
			targetProxy = 838A3AB32C6EB80F00F8495D /* PBXContainerItemProxy */;
		};
		838A3ABE2C6EB80F00F8495D /* PBXTargetDependency */ = {
			isa = PBXTargetDependency;
			target = 838A3A9C2C6EB80E00F8495D /* Project Baby */;
			targetProxy = 838A3ABD2C6EB80F00F8495D /* PBXContainerItemProxy */;
		};
/* End PBXTargetDependency section */

/* Begin XCBuildConfiguration section */
		838A3AC42C6EB80F00F8495D /* Debug */ = {
			isa = XCBuildConfiguration;
			buildSettings = {
				ALWAYS_SEARCH_USER_PATHS = NO;
				ASSETCATALOG_COMPILER_GENERATE_SWIFT_ASSET_SYMBOL_EXTENSIONS = YES;
				CLANG_ANALYZER_NONNULL = YES;
				CLANG_ANALYZER_NUMBER_OBJECT_CONVERSION = YES_AGGRESSIVE;
				CLANG_CXX_LANGUAGE_STANDARD = "gnu++20";
				CLANG_ENABLE_MODULES = YES;
				CLANG_ENABLE_OBJC_ARC = YES;
				CLANG_ENABLE_OBJC_WEAK = YES;
				CLANG_WARN_BLOCK_CAPTURE_AUTORELEASING = YES;
				CLANG_WARN_BOOL_CONVERSION = YES;
				CLANG_WARN_COMMA = YES;
				CLANG_WARN_CONSTANT_CONVERSION = YES;
				CLANG_WARN_DEPRECATED_OBJC_IMPLEMENTATIONS = YES;
				CLANG_WARN_DIRECT_OBJC_ISA_USAGE = YES_ERROR;
				CLANG_WARN_DOCUMENTATION_COMMENTS = YES;
				CLANG_WARN_EMPTY_BODY = YES;
				CLANG_WARN_ENUM_CONVERSION = YES;
				CLANG_WARN_INFINITE_RECURSION = YES;
				CLANG_WARN_INT_CONVERSION = YES;
				CLANG_WARN_NON_LITERAL_NULL_CONVERSION = YES;
				CLANG_WARN_OBJC_IMPLICIT_RETAIN_SELF = YES;
				CLANG_WARN_OBJC_LITERAL_CONVERSION = YES;
				CLANG_WARN_OBJC_ROOT_CLASS = YES_ERROR;
				CLANG_WARN_QUOTED_INCLUDE_IN_FRAMEWORK_HEADER = YES;
				CLANG_WARN_RANGE_LOOP_ANALYSIS = YES;
				CLANG_WARN_STRICT_PROTOTYPES = YES;
				CLANG_WARN_SUSPICIOUS_MOVE = YES;
				CLANG_WARN_UNGUARDED_AVAILABILITY = YES_AGGRESSIVE;
				CLANG_WARN_UNREACHABLE_CODE = YES;
				CLANG_WARN__DUPLICATE_METHOD_MATCH = YES;
				COPY_PHASE_STRIP = NO;
				DEBUG_INFORMATION_FORMAT = dwarf;
				ENABLE_STRICT_OBJC_MSGSEND = YES;
				ENABLE_TESTABILITY = YES;
				ENABLE_USER_SCRIPT_SANDBOXING = YES;
				GCC_C_LANGUAGE_STANDARD = gnu17;
				GCC_DYNAMIC_NO_PIC = NO;
				GCC_NO_COMMON_BLOCKS = YES;
				GCC_OPTIMIZATION_LEVEL = 0;
				GCC_PREPROCESSOR_DEFINITIONS = (
					"DEBUG=1",
					"$(inherited)",
				);
				GCC_WARN_64_TO_32_BIT_CONVERSION = YES;
				GCC_WARN_ABOUT_RETURN_TYPE = YES_ERROR;
				GCC_WARN_UNDECLARED_SELECTOR = YES;
				GCC_WARN_UNINITIALIZED_AUTOS = YES_AGGRESSIVE;
				GCC_WARN_UNUSED_FUNCTION = YES;
				GCC_WARN_UNUSED_VARIABLE = YES;
				IPHONEOS_DEPLOYMENT_TARGET = 17.5;
				LOCALIZATION_PREFERS_STRING_CATALOGS = YES;
				MTL_ENABLE_DEBUG_INFO = INCLUDE_SOURCE;
				MTL_FAST_MATH = YES;
				ONLY_ACTIVE_ARCH = YES;
				SDKROOT = iphoneos;
				SWIFT_ACTIVE_COMPILATION_CONDITIONS = "DEBUG $(inherited)";
				SWIFT_OPTIMIZATION_LEVEL = "-Onone";
			};
			name = Debug;
		};
		838A3AC52C6EB80F00F8495D /* Release */ = {
			isa = XCBuildConfiguration;
			buildSettings = {
				ALWAYS_SEARCH_USER_PATHS = NO;
				ASSETCATALOG_COMPILER_GENERATE_SWIFT_ASSET_SYMBOL_EXTENSIONS = YES;
				CLANG_ANALYZER_NONNULL = YES;
				CLANG_ANALYZER_NUMBER_OBJECT_CONVERSION = YES_AGGRESSIVE;
				CLANG_CXX_LANGUAGE_STANDARD = "gnu++20";
				CLANG_ENABLE_MODULES = YES;
				CLANG_ENABLE_OBJC_ARC = YES;
				CLANG_ENABLE_OBJC_WEAK = YES;
				CLANG_WARN_BLOCK_CAPTURE_AUTORELEASING = YES;
				CLANG_WARN_BOOL_CONVERSION = YES;
				CLANG_WARN_COMMA = YES;
				CLANG_WARN_CONSTANT_CONVERSION = YES;
				CLANG_WARN_DEPRECATED_OBJC_IMPLEMENTATIONS = YES;
				CLANG_WARN_DIRECT_OBJC_ISA_USAGE = YES_ERROR;
				CLANG_WARN_DOCUMENTATION_COMMENTS = YES;
				CLANG_WARN_EMPTY_BODY = YES;
				CLANG_WARN_ENUM_CONVERSION = YES;
				CLANG_WARN_INFINITE_RECURSION = YES;
				CLANG_WARN_INT_CONVERSION = YES;
				CLANG_WARN_NON_LITERAL_NULL_CONVERSION = YES;
				CLANG_WARN_OBJC_IMPLICIT_RETAIN_SELF = YES;
				CLANG_WARN_OBJC_LITERAL_CONVERSION = YES;
				CLANG_WARN_OBJC_ROOT_CLASS = YES_ERROR;
				CLANG_WARN_QUOTED_INCLUDE_IN_FRAMEWORK_HEADER = YES;
				CLANG_WARN_RANGE_LOOP_ANALYSIS = YES;
				CLANG_WARN_STRICT_PROTOTYPES = YES;
				CLANG_WARN_SUSPICIOUS_MOVE = YES;
				CLANG_WARN_UNGUARDED_AVAILABILITY = YES_AGGRESSIVE;
				CLANG_WARN_UNREACHABLE_CODE = YES;
				CLANG_WARN__DUPLICATE_METHOD_MATCH = YES;
				COPY_PHASE_STRIP = NO;
				DEBUG_INFORMATION_FORMAT = "dwarf-with-dsym";
				ENABLE_NS_ASSERTIONS = NO;
				ENABLE_STRICT_OBJC_MSGSEND = YES;
				ENABLE_USER_SCRIPT_SANDBOXING = YES;
				GCC_C_LANGUAGE_STANDARD = gnu17;
				GCC_NO_COMMON_BLOCKS = YES;
				GCC_WARN_64_TO_32_BIT_CONVERSION = YES;
				GCC_WARN_ABOUT_RETURN_TYPE = YES_ERROR;
				GCC_WARN_UNDECLARED_SELECTOR = YES;
				GCC_WARN_UNINITIALIZED_AUTOS = YES_AGGRESSIVE;
				GCC_WARN_UNUSED_FUNCTION = YES;
				GCC_WARN_UNUSED_VARIABLE = YES;
				IPHONEOS_DEPLOYMENT_TARGET = 17.5;
				LOCALIZATION_PREFERS_STRING_CATALOGS = YES;
				MTL_ENABLE_DEBUG_INFO = NO;
				MTL_FAST_MATH = YES;
				SDKROOT = iphoneos;
				SWIFT_COMPILATION_MODE = wholemodule;
				VALIDATE_PRODUCT = YES;
			};
			name = Release;
		};
		838A3AC72C6EB80F00F8495D /* Debug */ = {
			isa = XCBuildConfiguration;
			buildSettings = {
				ASSETCATALOG_COMPILER_APPICON_NAME = AppIcon;
				ASSETCATALOG_COMPILER_GLOBAL_ACCENT_COLOR_NAME = AccentColor;
				CODE_SIGN_STYLE = Automatic;
				CURRENT_PROJECT_VERSION = 1.0.0;
				DEVELOPMENT_ASSET_PATHS = "\"Project Baby/Preview Content\"";
				DEVELOPMENT_TEAM = JVBR4R2UHW;
				ENABLE_PREVIEWS = YES;
				GENERATE_INFOPLIST_FILE = YES;
				INFOPLIST_KEY_CFBundleDisplayName = "Project Baby";
				INFOPLIST_KEY_LSApplicationCategoryType = "public.app-category.lifestyle";
				INFOPLIST_KEY_UIApplicationSceneManifest_Generation = YES;
				INFOPLIST_KEY_UIApplicationSupportsIndirectInputEvents = YES;
				INFOPLIST_KEY_UILaunchScreen_Generation = YES;
				INFOPLIST_KEY_UISupportedInterfaceOrientations_iPad = "UIInterfaceOrientationPortrait UIInterfaceOrientationPortraitUpsideDown UIInterfaceOrientationLandscapeLeft UIInterfaceOrientationLandscapeRight";
				INFOPLIST_KEY_UISupportedInterfaceOrientations_iPhone = "UIInterfaceOrientationPortrait UIInterfaceOrientationLandscapeLeft UIInterfaceOrientationLandscapeRight";
				IPHONEOS_DEPLOYMENT_TARGET = 17.0;
				LD_RUNPATH_SEARCH_PATHS = (
					"$(inherited)",
					"@executable_path/Frameworks",
				);
				MARKETING_VERSION = 1.0.0;
				PRODUCT_BUNDLE_IDENTIFIER = "com.teksta.Project-Baby";
				PRODUCT_NAME = "$(TARGET_NAME)";
				SWIFT_EMIT_LOC_STRINGS = YES;
				SWIFT_VERSION = 5.0;
				TARGETED_DEVICE_FAMILY = "1,2";
			};
			name = Debug;
		};
		838A3AC82C6EB80F00F8495D /* Release */ = {
			isa = XCBuildConfiguration;
			buildSettings = {
				ASSETCATALOG_COMPILER_APPICON_NAME = AppIcon;
				ASSETCATALOG_COMPILER_GLOBAL_ACCENT_COLOR_NAME = AccentColor;
				CODE_SIGN_STYLE = Automatic;
				CURRENT_PROJECT_VERSION = 1.0.0;
				DEVELOPMENT_ASSET_PATHS = "\"Project Baby/Preview Content\"";
				DEVELOPMENT_TEAM = JVBR4R2UHW;
				ENABLE_PREVIEWS = YES;
				GENERATE_INFOPLIST_FILE = YES;
				INFOPLIST_KEY_CFBundleDisplayName = "Project Baby";
				INFOPLIST_KEY_LSApplicationCategoryType = "public.app-category.lifestyle";
				INFOPLIST_KEY_UIApplicationSceneManifest_Generation = YES;
				INFOPLIST_KEY_UIApplicationSupportsIndirectInputEvents = YES;
				INFOPLIST_KEY_UILaunchScreen_Generation = YES;
				INFOPLIST_KEY_UISupportedInterfaceOrientations_iPad = "UIInterfaceOrientationPortrait UIInterfaceOrientationPortraitUpsideDown UIInterfaceOrientationLandscapeLeft UIInterfaceOrientationLandscapeRight";
				INFOPLIST_KEY_UISupportedInterfaceOrientations_iPhone = "UIInterfaceOrientationPortrait UIInterfaceOrientationLandscapeLeft UIInterfaceOrientationLandscapeRight";
				IPHONEOS_DEPLOYMENT_TARGET = 17.0;
				LD_RUNPATH_SEARCH_PATHS = (
					"$(inherited)",
					"@executable_path/Frameworks",
				);
				MARKETING_VERSION = 1.0.0;
				PRODUCT_BUNDLE_IDENTIFIER = "com.teksta.Project-Baby";
				PRODUCT_NAME = "$(TARGET_NAME)";
				SWIFT_EMIT_LOC_STRINGS = YES;
				SWIFT_VERSION = 5.0;
				TARGETED_DEVICE_FAMILY = "1,2";
			};
			name = Release;
		};
		838A3ACA2C6EB80F00F8495D /* Debug */ = {
			isa = XCBuildConfiguration;
			buildSettings = {
				ALWAYS_EMBED_SWIFT_STANDARD_LIBRARIES = YES;
				BUNDLE_LOADER = "$(TEST_HOST)";
				CODE_SIGN_STYLE = Automatic;
				CURRENT_PROJECT_VERSION = 1;
				DEVELOPMENT_TEAM = JVBR4R2UHW;
				GENERATE_INFOPLIST_FILE = YES;
				IPHONEOS_DEPLOYMENT_TARGET = 17.5;
				MARKETING_VERSION = 1.0;
				PRODUCT_BUNDLE_IDENTIFIER = "com.teksta.Project-BabyTests";
				PRODUCT_NAME = "$(TARGET_NAME)";
				SWIFT_EMIT_LOC_STRINGS = NO;
				SWIFT_VERSION = 5.0;
				TARGETED_DEVICE_FAMILY = "1,2";
				TEST_HOST = "$(BUILT_PRODUCTS_DIR)/Project Baby.app/$(BUNDLE_EXECUTABLE_FOLDER_PATH)/Project Baby";
			};
			name = Debug;
		};
		838A3ACB2C6EB80F00F8495D /* Release */ = {
			isa = XCBuildConfiguration;
			buildSettings = {
				ALWAYS_EMBED_SWIFT_STANDARD_LIBRARIES = YES;
				BUNDLE_LOADER = "$(TEST_HOST)";
				CODE_SIGN_STYLE = Automatic;
				CURRENT_PROJECT_VERSION = 1;
				DEVELOPMENT_TEAM = JVBR4R2UHW;
				GENERATE_INFOPLIST_FILE = YES;
				IPHONEOS_DEPLOYMENT_TARGET = 17.5;
				MARKETING_VERSION = 1.0;
				PRODUCT_BUNDLE_IDENTIFIER = "com.teksta.Project-BabyTests";
				PRODUCT_NAME = "$(TARGET_NAME)";
				SWIFT_EMIT_LOC_STRINGS = NO;
				SWIFT_VERSION = 5.0;
				TARGETED_DEVICE_FAMILY = "1,2";
				TEST_HOST = "$(BUILT_PRODUCTS_DIR)/Project Baby.app/$(BUNDLE_EXECUTABLE_FOLDER_PATH)/Project Baby";
			};
			name = Release;
		};
		838A3ACD2C6EB80F00F8495D /* Debug */ = {
			isa = XCBuildConfiguration;
			buildSettings = {
				ALWAYS_EMBED_SWIFT_STANDARD_LIBRARIES = YES;
				CODE_SIGN_STYLE = Automatic;
				CURRENT_PROJECT_VERSION = 1;
				DEVELOPMENT_TEAM = JVBR4R2UHW;
				GENERATE_INFOPLIST_FILE = YES;
				MARKETING_VERSION = 1.0;
				PRODUCT_BUNDLE_IDENTIFIER = "com.teksta.Project-BabyUITests";
				PRODUCT_NAME = "$(TARGET_NAME)";
				SWIFT_EMIT_LOC_STRINGS = NO;
				SWIFT_VERSION = 5.0;
				TARGETED_DEVICE_FAMILY = "1,2";
				TEST_TARGET_NAME = "Project Baby";
			};
			name = Debug;
		};
		838A3ACE2C6EB80F00F8495D /* Release */ = {
			isa = XCBuildConfiguration;
			buildSettings = {
				ALWAYS_EMBED_SWIFT_STANDARD_LIBRARIES = YES;
				CODE_SIGN_STYLE = Automatic;
				CURRENT_PROJECT_VERSION = 1;
				DEVELOPMENT_TEAM = JVBR4R2UHW;
				GENERATE_INFOPLIST_FILE = YES;
				MARKETING_VERSION = 1.0;
				PRODUCT_BUNDLE_IDENTIFIER = "com.teksta.Project-BabyUITests";
				PRODUCT_NAME = "$(TARGET_NAME)";
				SWIFT_EMIT_LOC_STRINGS = NO;
				SWIFT_VERSION = 5.0;
				TARGETED_DEVICE_FAMILY = "1,2";
				TEST_TARGET_NAME = "Project Baby";
			};
			name = Release;
		};
/* End XCBuildConfiguration section */

/* Begin XCConfigurationList section */
		838A3A982C6EB80E00F8495D /* Build configuration list for PBXProject "Project Baby" */ = {
			isa = XCConfigurationList;
			buildConfigurations = (
				838A3AC42C6EB80F00F8495D /* Debug */,
				838A3AC52C6EB80F00F8495D /* Release */,
			);
			defaultConfigurationIsVisible = 0;
			defaultConfigurationName = Release;
		};
		838A3AC62C6EB80F00F8495D /* Build configuration list for PBXNativeTarget "Project Baby" */ = {
			isa = XCConfigurationList;
			buildConfigurations = (
				838A3AC72C6EB80F00F8495D /* Debug */,
				838A3AC82C6EB80F00F8495D /* Release */,
			);
			defaultConfigurationIsVisible = 0;
			defaultConfigurationName = Release;
		};
		838A3AC92C6EB80F00F8495D /* Build configuration list for PBXNativeTarget "Project BabyTests" */ = {
			isa = XCConfigurationList;
			buildConfigurations = (
				838A3ACA2C6EB80F00F8495D /* Debug */,
				838A3ACB2C6EB80F00F8495D /* Release */,
			);
			defaultConfigurationIsVisible = 0;
			defaultConfigurationName = Release;
		};
		838A3ACC2C6EB80F00F8495D /* Build configuration list for PBXNativeTarget "Project BabyUITests" */ = {
			isa = XCConfigurationList;
			buildConfigurations = (
				838A3ACD2C6EB80F00F8495D /* Debug */,
				838A3ACE2C6EB80F00F8495D /* Release */,
			);
			defaultConfigurationIsVisible = 0;
			defaultConfigurationName = Release;
		};
/* End XCConfigurationList section */

/* Begin XCVersionGroup section */
		838A3AAB2C6EB80F00F8495D /* Project_Baby.xcdatamodeld */ = {
			isa = XCVersionGroup;
			children = (
				838A3AAC2C6EB80F00F8495D /* Project_Baby.xcdatamodel */,
			);
			currentVersion = 838A3AAC2C6EB80F00F8495D /* Project_Baby.xcdatamodel */;
			path = Project_Baby.xcdatamodeld;
			sourceTree = "<group>";
			versionGroupType = wrapper.xcdatamodel;
		};
/* End XCVersionGroup section */
	};
	rootObject = 838A3A952C6EB80E00F8495D /* Project object */;
}
